// !$*UTF8*$!
{
	archiveVersion = 1;
	classes = {
	};
	objectVersion = 46;
	objects = {

/* Begin PBXBuildFile section */
		2C2ED4571DB0BE1F00F3B32D /* AnimateViewController.swift in Sources */ = {isa = PBXBuildFile; fileRef = 2C2ED4561DB0BE1F00F3B32D /* AnimateViewController.swift */; };
		2C3B8F801DAB602C00F6421E /* AppDelegate.swift in Sources */ = {isa = PBXBuildFile; fileRef = 2C3B8F7F1DAB602C00F6421E /* AppDelegate.swift */; };
		2C3B8F821DAB602C00F6421E /* MasterViewController.swift in Sources */ = {isa = PBXBuildFile; fileRef = 2C3B8F811DAB602C00F6421E /* MasterViewController.swift */; };
		2C3B8F841DAB602C00F6421E /* DetailViewController.swift in Sources */ = {isa = PBXBuildFile; fileRef = 2C3B8F831DAB602C00F6421E /* DetailViewController.swift */; };
		2C3B8F871DAB602C00F6421E /* Main.storyboard in Resources */ = {isa = PBXBuildFile; fileRef = 2C3B8F851DAB602C00F6421E /* Main.storyboard */; };
		2C3B8F891DAB602C00F6421E /* Assets.xcassets in Resources */ = {isa = PBXBuildFile; fileRef = 2C3B8F881DAB602C00F6421E /* Assets.xcassets */; };
		2C3B8F8C1DAB602C00F6421E /* LaunchScreen.storyboard in Resources */ = {isa = PBXBuildFile; fileRef = 2C3B8F8A1DAB602C00F6421E /* LaunchScreen.storyboard */; };
		2C3B8F961DAB609500F6421E /* TeamItem.swift in Sources */ = {isa = PBXBuildFile; fileRef = 2C3B8F941DAB609500F6421E /* TeamItem.swift */; };
		2C3B8F971DAB609500F6421E /* Students.swift in Sources */ = {isa = PBXBuildFile; fileRef = 2C3B8F951DAB609500F6421E /* Students.swift */; };
		2C3B8F9A1DAB63B300F6421E /* TeamTableCell.swift in Sources */ = {isa = PBXBuildFile; fileRef = 2C3B8F991DAB63B300F6421E /* TeamTableCell.swift */; };
		2C3B8F9D1DAB6B2000F6421E /* AddTeamViewController.swift in Sources */ = {isa = PBXBuildFile; fileRef = 2C3B8F9C1DAB6B2000F6421E /* AddTeamViewController.swift */; };
		2C3B8F9F1DAC99E200F6421E /* DisplayPageViewController.swift in Sources */ = {isa = PBXBuildFile; fileRef = 2C3B8F9E1DAC99E200F6421E /* DisplayPageViewController.swift */; };
		2C97CDF81DAD99F7005F4ADE /* AddMemberViewController.swift in Sources */ = {isa = PBXBuildFile; fileRef = 2C97CDF71DAD99F7005F4ADE /* AddMemberViewController.swift */; };
		EE1139A91DB2BA0C00274C59 /* MusicPlayer.swift in Sources */ = {isa = PBXBuildFile; fileRef = EE1139A81DB2BA0C00274C59 /* MusicPlayer.swift */; };
		EE1139AB1DB2BABA00274C59 /* song.mp3 in Resources */ = {isa = PBXBuildFile; fileRef = EE1139AA1DB2BABA00274C59 /* song.mp3 */; };
		EE1139B31DB415CC00274C59 /* CustomAnimationController.swift in Sources */ = {isa = PBXBuildFile; fileRef = EE1139B21DB415CC00274C59 /* CustomAnimationController.swift */; };
/* End PBXBuildFile section */

/* Begin PBXFileReference section */
		2C2ED4561DB0BE1F00F3B32D /* AnimateViewController.swift */ = {isa = PBXFileReference; fileEncoding = 4; lastKnownFileType = sourcecode.swift; path = AnimateViewController.swift; sourceTree = "<group>"; };
		2C3B8F7C1DAB602C00F6421E /* jypc-ece590-hw6.app */ = {isa = PBXFileReference; explicitFileType = wrapper.application; includeInIndex = 0; path = "jypc-ece590-hw6.app"; sourceTree = BUILT_PRODUCTS_DIR; };
		2C3B8F7F1DAB602C00F6421E /* AppDelegate.swift */ = {isa = PBXFileReference; lastKnownFileType = sourcecode.swift; path = AppDelegate.swift; sourceTree = "<group>"; };
		2C3B8F811DAB602C00F6421E /* MasterViewController.swift */ = {isa = PBXFileReference; lastKnownFileType = sourcecode.swift; path = MasterViewController.swift; sourceTree = "<group>"; };
		2C3B8F831DAB602C00F6421E /* DetailViewController.swift */ = {isa = PBXFileReference; lastKnownFileType = sourcecode.swift; path = DetailViewController.swift; sourceTree = "<group>"; };
		2C3B8F861DAB602C00F6421E /* Base */ = {isa = PBXFileReference; lastKnownFileType = file.storyboard; name = Base; path = Base.lproj/Main.storyboard; sourceTree = "<group>"; };
		2C3B8F881DAB602C00F6421E /* Assets.xcassets */ = {isa = PBXFileReference; lastKnownFileType = folder.assetcatalog; path = Assets.xcassets; sourceTree = "<group>"; };
		2C3B8F8B1DAB602C00F6421E /* Base */ = {isa = PBXFileReference; lastKnownFileType = file.storyboard; name = Base; path = Base.lproj/LaunchScreen.storyboard; sourceTree = "<group>"; };
		2C3B8F8D1DAB602C00F6421E /* Info.plist */ = {isa = PBXFileReference; lastKnownFileType = text.plist.xml; path = Info.plist; sourceTree = "<group>"; };
		2C3B8F941DAB609500F6421E /* TeamItem.swift */ = {isa = PBXFileReference; fileEncoding = 4; lastKnownFileType = sourcecode.swift; path = TeamItem.swift; sourceTree = "<group>"; };
		2C3B8F951DAB609500F6421E /* Students.swift */ = {isa = PBXFileReference; fileEncoding = 4; lastKnownFileType = sourcecode.swift; path = Students.swift; sourceTree = "<group>"; };
		2C3B8F991DAB63B300F6421E /* TeamTableCell.swift */ = {isa = PBXFileReference; fileEncoding = 4; lastKnownFileType = sourcecode.swift; path = TeamTableCell.swift; sourceTree = "<group>"; };
		2C3B8F9C1DAB6B2000F6421E /* AddTeamViewController.swift */ = {isa = PBXFileReference; fileEncoding = 4; lastKnownFileType = sourcecode.swift; path = AddTeamViewController.swift; sourceTree = "<group>"; };
		2C3B8F9E1DAC99E200F6421E /* DisplayPageViewController.swift */ = {isa = PBXFileReference; fileEncoding = 4; lastKnownFileType = sourcecode.swift; path = DisplayPageViewController.swift; sourceTree = "<group>"; };
		2C97CDF71DAD99F7005F4ADE /* AddMemberViewController.swift */ = {isa = PBXFileReference; fileEncoding = 4; lastKnownFileType = sourcecode.swift; path = AddMemberViewController.swift; sourceTree = "<group>"; };
		EE1139A81DB2BA0C00274C59 /* MusicPlayer.swift */ = {isa = PBXFileReference; fileEncoding = 4; lastKnownFileType = sourcecode.swift; path = MusicPlayer.swift; sourceTree = "<group>"; };
		EE1139AA1DB2BABA00274C59 /* song.mp3 */ = {isa = PBXFileReference; lastKnownFileType = audio.mp3; path = song.mp3; sourceTree = "<group>"; };
		EE1139B21DB415CC00274C59 /* CustomAnimationController.swift */ = {isa = PBXFileReference; fileEncoding = 4; lastKnownFileType = sourcecode.swift; path = CustomAnimationController.swift; sourceTree = "<group>"; };
/* End PBXFileReference section */

/* Begin PBXFrameworksBuildPhase section */
		2C3B8F791DAB602C00F6421E /* Frameworks */ = {
			isa = PBXFrameworksBuildPhase;
			buildActionMask = 2147483647;
			files = (
			);
			runOnlyForDeploymentPostprocessing = 0;
		};
/* End PBXFrameworksBuildPhase section */

/* Begin PBXGroup section */
		2C3B8F731DAB602C00F6421E = {
			isa = PBXGroup;
			children = (
				2C3B8F7E1DAB602C00F6421E /* jypc-ece590-hw6 */,
				2C3B8F7D1DAB602C00F6421E /* Products */,
			);
			sourceTree = "<group>";
		};
		2C3B8F7D1DAB602C00F6421E /* Products */ = {
			isa = PBXGroup;
			children = (
				2C3B8F7C1DAB602C00F6421E /* jypc-ece590-hw6.app */,
			);
			name = Products;
			sourceTree = "<group>";
		};
		2C3B8F7E1DAB602C00F6421E /* jypc-ece590-hw6 */ = {
			isa = PBXGroup;
			children = (
				2C3B8F9B1DAB6AEE00F6421E /* ViewControllers */,
				2C3B8F981DAB63A100F6421E /* Custom UI */,
				2C3B8F931DAB608600F6421E /* Custom Classes */,
				2C3B8F7F1DAB602C00F6421E /* AppDelegate.swift */,
				2C3B8F851DAB602C00F6421E /* Main.storyboard */,
				2C3B8F881DAB602C00F6421E /* Assets.xcassets */,
				EE1139AA1DB2BABA00274C59 /* song.mp3 */,
				2C3B8F8A1DAB602C00F6421E /* LaunchScreen.storyboard */,
				2C3B8F8D1DAB602C00F6421E /* Info.plist */,
			);
			path = "jypc-ece590-hw6";
			sourceTree = "<group>";
		};
		2C3B8F931DAB608600F6421E /* Custom Classes */ = {
			isa = PBXGroup;
			children = (
				EE1139A81DB2BA0C00274C59 /* MusicPlayer.swift */,
				2C3B8F941DAB609500F6421E /* TeamItem.swift */,
				EE1139B21DB415CC00274C59 /* CustomAnimationController.swift */,
				2C3B8F951DAB609500F6421E /* Students.swift */,
			);
			name = "Custom Classes";
			sourceTree = "<group>";
		};
		2C3B8F981DAB63A100F6421E /* Custom UI */ = {
			isa = PBXGroup;
			children = (
				2C3B8F991DAB63B300F6421E /* TeamTableCell.swift */,
			);
			name = "Custom UI";
			sourceTree = "<group>";
		};
		2C3B8F9B1DAB6AEE00F6421E /* ViewControllers */ = {
			isa = PBXGroup;
			children = (
				2C3B8F9C1DAB6B2000F6421E /* AddTeamViewController.swift */,
				2C97CDF71DAD99F7005F4ADE /* AddMemberViewController.swift */,
				2C2ED4561DB0BE1F00F3B32D /* AnimateViewController.swift */,
				2C3B8F811DAB602C00F6421E /* MasterViewController.swift */,
				2C3B8F831DAB602C00F6421E /* DetailViewController.swift */,
				2C3B8F9E1DAC99E200F6421E /* DisplayPageViewController.swift */,
			);
			name = ViewControllers;
			sourceTree = "<group>";
		};
/* End PBXGroup section */

/* Begin PBXNativeTarget section */
		2C3B8F7B1DAB602C00F6421E /* jypc-ece590-hw6 */ = {
			isa = PBXNativeTarget;
			buildConfigurationList = 2C3B8F901DAB602C00F6421E /* Build configuration list for PBXNativeTarget "jypc-ece590-hw6" */;
			buildPhases = (
				2C3B8F781DAB602C00F6421E /* Sources */,
				2C3B8F791DAB602C00F6421E /* Frameworks */,
				2C3B8F7A1DAB602C00F6421E /* Resources */,
			);
			buildRules = (
			);
			dependencies = (
			);
			name = "jypc-ece590-hw6";
			productName = "jypc-ece590-hw6";
			productReference = 2C3B8F7C1DAB602C00F6421E /* jypc-ece590-hw6.app */;
			productType = "com.apple.product-type.application";
		};
/* End PBXNativeTarget section */

/* Begin PBXProject section */
		2C3B8F741DAB602C00F6421E /* Project object */ = {
			isa = PBXProject;
			attributes = {
				LastSwiftUpdateCheck = 0730;
				LastUpgradeCheck = 0800;
				ORGANIZATIONNAME = "Jonathan Buie";
				TargetAttributes = {
					2C3B8F7B1DAB602C00F6421E = {
						CreatedOnToolsVersion = 7.3.1;
						DevelopmentTeam = U6J58C8CJT;
						LastSwiftMigration = 0800;
					};
				};
			};
			buildConfigurationList = 2C3B8F771DAB602C00F6421E /* Build configuration list for PBXProject "jypc-ece590-hw6" */;
			compatibilityVersion = "Xcode 3.2";
			developmentRegion = English;
			hasScannedForEncodings = 0;
			knownRegions = (
				en,
				Base,
			);
			mainGroup = 2C3B8F731DAB602C00F6421E;
			productRefGroup = 2C3B8F7D1DAB602C00F6421E /* Products */;
			projectDirPath = "";
			projectRoot = "";
			targets = (
				2C3B8F7B1DAB602C00F6421E /* jypc-ece590-hw6 */,
			);
		};
/* End PBXProject section */

/* Begin PBXResourcesBuildPhase section */
		2C3B8F7A1DAB602C00F6421E /* Resources */ = {
			isa = PBXResourcesBuildPhase;
			buildActionMask = 2147483647;
			files = (
				2C3B8F8C1DAB602C00F6421E /* LaunchScreen.storyboard in Resources */,
				EE1139AB1DB2BABA00274C59 /* song.mp3 in Resources */,
				2C3B8F891DAB602C00F6421E /* Assets.xcassets in Resources */,
				2C3B8F871DAB602C00F6421E /* Main.storyboard in Resources */,
			);
			runOnlyForDeploymentPostprocessing = 0;
		};
/* End PBXResourcesBuildPhase section */

/* Begin PBXSourcesBuildPhase section */
		2C3B8F781DAB602C00F6421E /* Sources */ = {
			isa = PBXSourcesBuildPhase;
			buildActionMask = 2147483647;
			files = (
				EE1139A91DB2BA0C00274C59 /* MusicPlayer.swift in Sources */,
				2C2ED4571DB0BE1F00F3B32D /* AnimateViewController.swift in Sources */,
				2C3B8F841DAB602C00F6421E /* DetailViewController.swift in Sources */,
				2C3B8F9A1DAB63B300F6421E /* TeamTableCell.swift in Sources */,
				2C3B8F9D1DAB6B2000F6421E /* AddTeamViewController.swift in Sources */,
				EE1139B31DB415CC00274C59 /* CustomAnimationController.swift in Sources */,
				2C97CDF81DAD99F7005F4ADE /* AddMemberViewController.swift in Sources */,
				2C3B8F821DAB602C00F6421E /* MasterViewController.swift in Sources */,
				2C3B8F9F1DAC99E200F6421E /* DisplayPageViewController.swift in Sources */,
				2C3B8F971DAB609500F6421E /* Students.swift in Sources */,
				2C3B8F801DAB602C00F6421E /* AppDelegate.swift in Sources */,
				2C3B8F961DAB609500F6421E /* TeamItem.swift in Sources */,
			);
			runOnlyForDeploymentPostprocessing = 0;
		};
/* End PBXSourcesBuildPhase section */

/* Begin PBXVariantGroup section */
		2C3B8F851DAB602C00F6421E /* Main.storyboard */ = {
			isa = PBXVariantGroup;
			children = (
				2C3B8F861DAB602C00F6421E /* Base */,
			);
			name = Main.storyboard;
			sourceTree = "<group>";
		};
		2C3B8F8A1DAB602C00F6421E /* LaunchScreen.storyboard */ = {
			isa = PBXVariantGroup;
			children = (
				2C3B8F8B1DAB602C00F6421E /* Base */,
			);
			name = LaunchScreen.storyboard;
			sourceTree = "<group>";
		};
/* End PBXVariantGroup section */

/* Begin XCBuildConfiguration section */
		2C3B8F8E1DAB602C00F6421E /* Debug */ = {
			isa = XCBuildConfiguration;
			buildSettings = {
				ALWAYS_SEARCH_USER_PATHS = NO;
				CLANG_ANALYZER_NONNULL = YES;
				CLANG_CXX_LANGUAGE_STANDARD = "gnu++0x";
				CLANG_CXX_LIBRARY = "libc++";
				CLANG_ENABLE_MODULES = YES;
				CLANG_ENABLE_OBJC_ARC = YES;
				CLANG_WARN_BOOL_CONVERSION = YES;
				CLANG_WARN_CONSTANT_CONVERSION = YES;
				CLANG_WARN_DIRECT_OBJC_ISA_USAGE = YES_ERROR;
				CLANG_WARN_EMPTY_BODY = YES;
				CLANG_WARN_ENUM_CONVERSION = YES;
				CLANG_WARN_INFINITE_RECURSION = YES;
				CLANG_WARN_INT_CONVERSION = YES;
				CLANG_WARN_OBJC_ROOT_CLASS = YES_ERROR;
				CLANG_WARN_SUSPICIOUS_MOVE = YES;
				CLANG_WARN_UNREACHABLE_CODE = YES;
				CLANG_WARN__DUPLICATE_METHOD_MATCH = YES;
				"CODE_SIGN_IDENTITY[sdk=iphoneos*]" = "iPhone Developer";
				COPY_PHASE_STRIP = NO;
				DEBUG_INFORMATION_FORMAT = dwarf;
				ENABLE_STRICT_OBJC_MSGSEND = YES;
				ENABLE_TESTABILITY = YES;
				GCC_C_LANGUAGE_STANDARD = gnu99;
				GCC_DYNAMIC_NO_PIC = NO;
				GCC_NO_COMMON_BLOCKS = YES;
				GCC_OPTIMIZATION_LEVEL = 0;
				GCC_PREPROCESSOR_DEFINITIONS = (
					"DEBUG=1",
					"$(inherited)",
				);
				GCC_WARN_64_TO_32_BIT_CONVERSION = YES;
				GCC_WARN_ABOUT_RETURN_TYPE = YES_ERROR;
				GCC_WARN_UNDECLARED_SELECTOR = YES;
				GCC_WARN_UNINITIALIZED_AUTOS = YES_AGGRESSIVE;
				GCC_WARN_UNUSED_FUNCTION = YES;
				GCC_WARN_UNUSED_VARIABLE = YES;
				IPHONEOS_DEPLOYMENT_TARGET = 9.3;
				MTL_ENABLE_DEBUG_INFO = YES;
				ONLY_ACTIVE_ARCH = YES;
				SDKROOT = iphoneos;
				SWIFT_OPTIMIZATION_LEVEL = "-Onone";
				TARGETED_DEVICE_FAMILY = "1,2";
			};
			name = Debug;
		};
		2C3B8F8F1DAB602C00F6421E /* Release */ = {
			isa = XCBuildConfiguration;
			buildSettings = {
				ALWAYS_SEARCH_USER_PATHS = NO;
				CLANG_ANALYZER_NONNULL = YES;
				CLANG_CXX_LANGUAGE_STANDARD = "gnu++0x";
				CLANG_CXX_LIBRARY = "libc++";
				CLANG_ENABLE_MODULES = YES;
				CLANG_ENABLE_OBJC_ARC = YES;
				CLANG_WARN_BOOL_CONVERSION = YES;
				CLANG_WARN_CONSTANT_CONVERSION = YES;
				CLANG_WARN_DIRECT_OBJC_ISA_USAGE = YES_ERROR;
				CLANG_WARN_EMPTY_BODY = YES;
				CLANG_WARN_ENUM_CONVERSION = YES;
				CLANG_WARN_INFINITE_RECURSION = YES;
				CLANG_WARN_INT_CONVERSION = YES;
				CLANG_WARN_OBJC_ROOT_CLASS = YES_ERROR;
				CLANG_WARN_SUSPICIOUS_MOVE = YES;
				CLANG_WARN_UNREACHABLE_CODE = YES;
				CLANG_WARN__DUPLICATE_METHOD_MATCH = YES;
				"CODE_SIGN_IDENTITY[sdk=iphoneos*]" = "iPhone Developer";
				COPY_PHASE_STRIP = NO;
				DEBUG_INFORMATION_FORMAT = "dwarf-with-dsym";
				ENABLE_NS_ASSERTIONS = NO;
				ENABLE_STRICT_OBJC_MSGSEND = YES;
				GCC_C_LANGUAGE_STANDARD = gnu99;
				GCC_NO_COMMON_BLOCKS = YES;
				GCC_WARN_64_TO_32_BIT_CONVERSION = YES;
				GCC_WARN_ABOUT_RETURN_TYPE = YES_ERROR;
				GCC_WARN_UNDECLARED_SELECTOR = YES;
				GCC_WARN_UNINITIALIZED_AUTOS = YES_AGGRESSIVE;
				GCC_WARN_UNUSED_FUNCTION = YES;
				GCC_WARN_UNUSED_VARIABLE = YES;
				IPHONEOS_DEPLOYMENT_TARGET = 9.3;
				MTL_ENABLE_DEBUG_INFO = NO;
				SDKROOT = iphoneos;
				SWIFT_OPTIMIZATION_LEVEL = "-Owholemodule";
				TARGETED_DEVICE_FAMILY = "1,2";
				VALIDATE_PRODUCT = YES;
			};
			name = Release;
		};
		2C3B8F911DAB602C00F6421E /* Debug */ = {
			isa = XCBuildConfiguration;
			buildSettings = {
				ASSETCATALOG_COMPILER_APPICON_NAME = AppIcon;
				CODE_SIGN_IDENTITY = "iPhone Developer";
				INFOPLIST_FILE = "jypc-ece590-hw6/Info.plist";
				LD_RUNPATH_SEARCH_PATHS = "$(inherited) @executable_path/Frameworks";
				PRODUCT_BUNDLE_IDENTIFIER = "edu.duke.jab165.jypc-ece590-hw6";
				PRODUCT_NAME = "$(TARGET_NAME)";
				SWIFT_VERSION = 3.0;
			};
			name = Debug;
		};
		2C3B8F921DAB602C00F6421E /* Release */ = {
			isa = XCBuildConfiguration;
			buildSettings = {
				ASSETCATALOG_COMPILER_APPICON_NAME = AppIcon;
				CODE_SIGN_IDENTITY = "iPhone Developer";
				INFOPLIST_FILE = "jypc-ece590-hw6/Info.plist";
				LD_RUNPATH_SEARCH_PATHS = "$(inherited) @executable_path/Frameworks";
				PRODUCT_BUNDLE_IDENTIFIER = "edu.duke.jab165.jypc-ece590-hw6";
				PRODUCT_NAME = "$(TARGET_NAME)";
				SWIFT_VERSION = 3.0;
			};
			name = Release;
		};
/* End XCBuildConfiguration section */

/* Begin XCConfigurationList section */
		2C3B8F771DAB602C00F6421E /* Build configuration list for PBXProject "jypc-ece590-hw6" */ = {
			isa = XCConfigurationList;
			buildConfigurations = (
				2C3B8F8E1DAB602C00F6421E /* Debug */,
				2C3B8F8F1DAB602C00F6421E /* Release */,
			);
			defaultConfigurationIsVisible = 0;
			defaultConfigurationName = Release;
		};
		2C3B8F901DAB602C00F6421E /* Build configuration list for PBXNativeTarget "jypc-ece590-hw6" */ = {
			isa = XCConfigurationList;
			buildConfigurations = (
				2C3B8F911DAB602C00F6421E /* Debug */,
				2C3B8F921DAB602C00F6421E /* Release */,
			);
			defaultConfigurationIsVisible = 0;
			defaultConfigurationName = Release;
		};
/* End XCConfigurationList section */
	};
	rootObject = 2C3B8F741DAB602C00F6421E /* Project object */;
}
